
Microsoft Visual Studio Solution File, Format Version 12.00
# Visual Studio Version 17
VisualStudioVersion = 17.10.34928.147
MinimumVisualStudioVersion = 10.0.40219.1
Project("{FAE04EC0-301F-11D3-BF4B-00C04F79EFBC}") = "StockTrack", "StockTrack\StockTrack.csproj", "{E9CC4148-E0C0-4F3A-915D-B63F47CECDE3}"
EndProject
Project("{FAE04EC0-301F-11D3-BF4B-00C04F79EFBC}") = "StockTrack.Services", "StockTrack.Services\StockTrack.Services.csproj", "{BFF20F79-683B-40B1-A59E-316D54395E1F}"
EndProject
Project("{FAE04EC0-301F-11D3-BF4B-00C04F79EFBC}") = "StockTrack.Data", "StockTrack.Data\StockTrack.Data.csproj", "{D3E4C729-EE75-4CA8-A119-8A02100A33B3}"
EndProject
Global
	GlobalSection(SolutionConfigurationPlatforms) = preSolution
		Debug|Any CPU = Debug|Any CPU
		Release|Any CPU = Release|Any CPU
	EndGlobalSection
	GlobalSection(ProjectConfigurationPlatforms) = postSolution
		{E9CC4148-E0C0-4F3A-915D-B63F47CECDE3}.Debug|Any CPU.ActiveCfg = Debug|Any CPU
		{E9CC4148-E0C0-4F3A-915D-B63F47CECDE3}.Debug|Any CPU.Build.0 = Debug|Any CPU
		{E9CC4148-E0C0-4F3A-915D-B63F47CECDE3}.Release|Any CPU.ActiveCfg = Release|Any CPU
		{E9CC4148-E0C0-4F3A-915D-B63F47CECDE3}.Release|Any CPU.Build.0 = Release|Any CPU
		{BFF20F79-683B-40B1-A59E-316D54395E1F}.Debug|Any CPU.ActiveCfg = Debug|Any CPU
		{BFF20F79-683B-40B1-A59E-316D54395E1F}.Debug|Any CPU.Build.0 = Debug|Any CPU
		{BFF20F79-683B-40B1-A59E-316D54395E1F}.Release|Any CPU.ActiveCfg = Release|Any CPU
		{BFF20F79-683B-40B1-A59E-316D54395E1F}.Release|Any CPU.Build.0 = Release|Any CPU
		{D3E4C729-EE75-4CA8-A119-8A02100A33B3}.Debug|Any CPU.ActiveCfg = Debug|Any CPU
		{D3E4C729-EE75-4CA8-A119-8A02100A33B3}.Debug|Any CPU.Build.0 = Debug|Any CPU
		{D3E4C729-EE75-4CA8-A119-8A02100A33B3}.Release|Any CPU.ActiveCfg = Release|Any CPU
		{D3E4C729-EE75-4CA8-A119-8A02100A33B3}.Release|Any CPU.Build.0 = Release|Any CPU
	EndGlobalSection
	GlobalSection(SolutionProperties) = preSolution
		HideSolutionNode = FALSE
	EndGlobalSection
	GlobalSection(ExtensibilityGlobals) = postSolution
		SolutionGuid = {2B5FA989-0243-4EBB-847C-F50AC4045693}
	EndGlobalSection
EndGlobal
